
Microsoft Visual Studio Solution File, Format Version 12.00
# Visual Studio 15
VisualStudioVersion = 15.0.26124.0
MinimumVisualStudioVersion = 15.0.26124.0
Project("{2150E333-8FDC-42A3-9474-1A3956D46DE8}") = "src", "src", "{7C34628D-F06D-428F-B4C5-67A049B40487}"
EndProject
Project("{9A19103F-16F7-4668-BE54-9A1E7A4F7556}") = "Neuromatic", "src\Neutronal\Neuromatic.csproj", "{A060EDB4-9E4B-496A-B0D3-2987810F3DDA}"
EndProject
Project("{2150E333-8FDC-42A3-9474-1A3956D46DE8}") = "test", "test", "{FFF55137-6757-41E2-A395-6D77BC4A67C6}"
EndProject
Project("{9A19103F-16F7-4668-BE54-9A1E7A4F7556}") = "Neuromatic.Tests", "test\Neutronal.Tests\Neuromatic.Tests.csproj", "{C1479FBD-BC9C-4F2B-B50B-17C656DA2C65}"
EndProject
Project("{FAE04EC0-301F-11D3-BF4B-00C04F79EFBC}") = "Neutronal.Tensorflow", "src\Neutronal.Tensorflow\Neutronal.Tensorflow.csproj", "{9B457B48-8403-4F05-BF0B-0D61DA19D8CF}"
EndProject
Global
	GlobalSection(SolutionConfigurationPlatforms) = preSolution
		Debug|Any CPU = Debug|Any CPU
		Debug|x64 = Debug|x64
		Debug|x86 = Debug|x86
		Release|Any CPU = Release|Any CPU
		Release|x64 = Release|x64
		Release|x86 = Release|x86
	EndGlobalSection
	GlobalSection(ProjectConfigurationPlatforms) = postSolution
		{A060EDB4-9E4B-496A-B0D3-2987810F3DDA}.Debug|Any CPU.ActiveCfg = Debug|Any CPU
		{A060EDB4-9E4B-496A-B0D3-2987810F3DDA}.Debug|Any CPU.Build.0 = Debug|Any CPU
		{A060EDB4-9E4B-496A-B0D3-2987810F3DDA}.Debug|x64.ActiveCfg = Debug|Any CPU
		{A060EDB4-9E4B-496A-B0D3-2987810F3DDA}.Debug|x64.Build.0 = Debug|Any CPU
		{A060EDB4-9E4B-496A-B0D3-2987810F3DDA}.Debug|x86.ActiveCfg = Debug|Any CPU
		{A060EDB4-9E4B-496A-B0D3-2987810F3DDA}.Debug|x86.Build.0 = Debug|Any CPU
		{A060EDB4-9E4B-496A-B0D3-2987810F3DDA}.Release|Any CPU.ActiveCfg = Release|Any CPU
		{A060EDB4-9E4B-496A-B0D3-2987810F3DDA}.Release|Any CPU.Build.0 = Release|Any CPU
		{A060EDB4-9E4B-496A-B0D3-2987810F3DDA}.Release|x64.ActiveCfg = Release|Any CPU
		{A060EDB4-9E4B-496A-B0D3-2987810F3DDA}.Release|x64.Build.0 = Release|Any CPU
		{A060EDB4-9E4B-496A-B0D3-2987810F3DDA}.Release|x86.ActiveCfg = Release|Any CPU
		{A060EDB4-9E4B-496A-B0D3-2987810F3DDA}.Release|x86.Build.0 = Release|Any CPU
		{C1479FBD-BC9C-4F2B-B50B-17C656DA2C65}.Debug|Any CPU.ActiveCfg = Debug|Any CPU
		{C1479FBD-BC9C-4F2B-B50B-17C656DA2C65}.Debug|Any CPU.Build.0 = Debug|Any CPU
		{C1479FBD-BC9C-4F2B-B50B-17C656DA2C65}.Debug|x64.ActiveCfg = Debug|Any CPU
		{C1479FBD-BC9C-4F2B-B50B-17C656DA2C65}.Debug|x64.Build.0 = Debug|Any CPU
		{C1479FBD-BC9C-4F2B-B50B-17C656DA2C65}.Debug|x86.ActiveCfg = Debug|Any CPU
		{C1479FBD-BC9C-4F2B-B50B-17C656DA2C65}.Debug|x86.Build.0 = Debug|Any CPU
		{C1479FBD-BC9C-4F2B-B50B-17C656DA2C65}.Release|Any CPU.ActiveCfg = Release|Any CPU
		{C1479FBD-BC9C-4F2B-B50B-17C656DA2C65}.Release|Any CPU.Build.0 = Release|Any CPU
		{C1479FBD-BC9C-4F2B-B50B-17C656DA2C65}.Release|x64.ActiveCfg = Release|Any CPU
		{C1479FBD-BC9C-4F2B-B50B-17C656DA2C65}.Release|x64.Build.0 = Release|Any CPU
		{C1479FBD-BC9C-4F2B-B50B-17C656DA2C65}.Release|x86.ActiveCfg = Release|Any CPU
		{C1479FBD-BC9C-4F2B-B50B-17C656DA2C65}.Release|x86.Build.0 = Release|Any CPU
		{9B457B48-8403-4F05-BF0B-0D61DA19D8CF}.Debug|Any CPU.ActiveCfg = Debug|Any CPU
		{9B457B48-8403-4F05-BF0B-0D61DA19D8CF}.Debug|Any CPU.Build.0 = Debug|Any CPU
		{9B457B48-8403-4F05-BF0B-0D61DA19D8CF}.Debug|x64.ActiveCfg = Debug|Any CPU
		{9B457B48-8403-4F05-BF0B-0D61DA19D8CF}.Debug|x64.Build.0 = Debug|Any CPU
		{9B457B48-8403-4F05-BF0B-0D61DA19D8CF}.Debug|x86.ActiveCfg = Debug|Any CPU
		{9B457B48-8403-4F05-BF0B-0D61DA19D8CF}.Debug|x86.Build.0 = Debug|Any CPU
		{9B457B48-8403-4F05-BF0B-0D61DA19D8CF}.Release|Any CPU.ActiveCfg = Release|Any CPU
		{9B457B48-8403-4F05-BF0B-0D61DA19D8CF}.Release|Any CPU.Build.0 = Release|Any CPU
		{9B457B48-8403-4F05-BF0B-0D61DA19D8CF}.Release|x64.ActiveCfg = Release|Any CPU
		{9B457B48-8403-4F05-BF0B-0D61DA19D8CF}.Release|x64.Build.0 = Release|Any CPU
		{9B457B48-8403-4F05-BF0B-0D61DA19D8CF}.Release|x86.ActiveCfg = Release|Any CPU
		{9B457B48-8403-4F05-BF0B-0D61DA19D8CF}.Release|x86.Build.0 = Release|Any CPU
	EndGlobalSection
	GlobalSection(SolutionProperties) = preSolution
		HideSolutionNode = FALSE
	EndGlobalSection
	GlobalSection(NestedProjects) = preSolution
		{A060EDB4-9E4B-496A-B0D3-2987810F3DDA} = {7C34628D-F06D-428F-B4C5-67A049B40487}
		{C1479FBD-BC9C-4F2B-B50B-17C656DA2C65} = {FFF55137-6757-41E2-A395-6D77BC4A67C6}
		{9B457B48-8403-4F05-BF0B-0D61DA19D8CF} = {7C34628D-F06D-428F-B4C5-67A049B40487}
	EndGlobalSection
	GlobalSection(ExtensibilityGlobals) = postSolution
		SolutionGuid = {A3DA3895-D0BA-4585-B532-FA24593DE14F}
	EndGlobalSection
EndGlobal
