
Microsoft Visual Studio Solution File, Format Version 12.00
# Visual Studio 15
VisualStudioVersion = 15.0.26124.0
MinimumVisualStudioVersion = 15.0.26124.0
Project("{2150E333-8FDC-42A3-9474-1A3956D46DE8}") = "src", "src", "{7C34628D-F06D-428F-B4C5-67A049B40487}"
EndProject
Project("{9A19103F-16F7-4668-BE54-9A1E7A4F7556}") = "Neuromatic", "src\Neuromatic\Neuromatic.csproj", "{9CE359D4-0F1F-4E2B-B2D4-34C98A4D1808}"
EndProject
Project("{2150E333-8FDC-42A3-9474-1A3956D46DE8}") = "test", "test", "{906C6778-EFCB-4CA2-A0EF-23D1996D4529}"
EndProject
Project("{9A19103F-16F7-4668-BE54-9A1E7A4F7556}") = "Neuromatic.Tests", "test\Neuromatic.Tests\Neuromatic.Tests.csproj", "{B0C4EAF7-F3D3-4A66-8050-8B50150F1F8F}"
EndProject
Project("{9A19103F-16F7-4668-BE54-9A1E7A4F7556}") = "Neuromatic.TensorFlow", "src\Neuromatic.TensorFlow\Neuromatic.TensorFlow.csproj", "{7B1DE21A-22C8-4929-A4BB-71D946B30284}"
EndProject
Global
	GlobalSection(SolutionConfigurationPlatforms) = preSolution
		Debug|Any CPU = Debug|Any CPU
		Debug|x64 = Debug|x64
		Debug|x86 = Debug|x86
		Release|Any CPU = Release|Any CPU
		Release|x64 = Release|x64
		Release|x86 = Release|x86
	EndGlobalSection
	GlobalSection(ProjectConfigurationPlatforms) = postSolution
		{9CE359D4-0F1F-4E2B-B2D4-34C98A4D1808}.Debug|Any CPU.ActiveCfg = Debug|Any CPU
		{9CE359D4-0F1F-4E2B-B2D4-34C98A4D1808}.Debug|Any CPU.Build.0 = Debug|Any CPU
		{9CE359D4-0F1F-4E2B-B2D4-34C98A4D1808}.Debug|x64.ActiveCfg = Debug|Any CPU
		{9CE359D4-0F1F-4E2B-B2D4-34C98A4D1808}.Debug|x64.Build.0 = Debug|Any CPU
		{9CE359D4-0F1F-4E2B-B2D4-34C98A4D1808}.Debug|x86.ActiveCfg = Debug|Any CPU
		{9CE359D4-0F1F-4E2B-B2D4-34C98A4D1808}.Debug|x86.Build.0 = Debug|Any CPU
		{9CE359D4-0F1F-4E2B-B2D4-34C98A4D1808}.Release|Any CPU.ActiveCfg = Release|Any CPU
		{9CE359D4-0F1F-4E2B-B2D4-34C98A4D1808}.Release|Any CPU.Build.0 = Release|Any CPU
		{9CE359D4-0F1F-4E2B-B2D4-34C98A4D1808}.Release|x64.ActiveCfg = Release|Any CPU
		{9CE359D4-0F1F-4E2B-B2D4-34C98A4D1808}.Release|x64.Build.0 = Release|Any CPU
		{9CE359D4-0F1F-4E2B-B2D4-34C98A4D1808}.Release|x86.ActiveCfg = Release|Any CPU
		{9CE359D4-0F1F-4E2B-B2D4-34C98A4D1808}.Release|x86.Build.0 = Release|Any CPU
		{B0C4EAF7-F3D3-4A66-8050-8B50150F1F8F}.Debug|Any CPU.ActiveCfg = Debug|Any CPU
		{B0C4EAF7-F3D3-4A66-8050-8B50150F1F8F}.Debug|Any CPU.Build.0 = Debug|Any CPU
		{B0C4EAF7-F3D3-4A66-8050-8B50150F1F8F}.Debug|x64.ActiveCfg = Debug|Any CPU
		{B0C4EAF7-F3D3-4A66-8050-8B50150F1F8F}.Debug|x64.Build.0 = Debug|Any CPU
		{B0C4EAF7-F3D3-4A66-8050-8B50150F1F8F}.Debug|x86.ActiveCfg = Debug|Any CPU
		{B0C4EAF7-F3D3-4A66-8050-8B50150F1F8F}.Debug|x86.Build.0 = Debug|Any CPU
		{B0C4EAF7-F3D3-4A66-8050-8B50150F1F8F}.Release|Any CPU.ActiveCfg = Release|Any CPU
		{B0C4EAF7-F3D3-4A66-8050-8B50150F1F8F}.Release|Any CPU.Build.0 = Release|Any CPU
		{B0C4EAF7-F3D3-4A66-8050-8B50150F1F8F}.Release|x64.ActiveCfg = Release|Any CPU
		{B0C4EAF7-F3D3-4A66-8050-8B50150F1F8F}.Release|x64.Build.0 = Release|Any CPU
		{B0C4EAF7-F3D3-4A66-8050-8B50150F1F8F}.Release|x86.ActiveCfg = Release|Any CPU
		{B0C4EAF7-F3D3-4A66-8050-8B50150F1F8F}.Release|x86.Build.0 = Release|Any CPU
		{7B1DE21A-22C8-4929-A4BB-71D946B30284}.Debug|Any CPU.ActiveCfg = Debug|Any CPU
		{7B1DE21A-22C8-4929-A4BB-71D946B30284}.Debug|Any CPU.Build.0 = Debug|Any CPU
		{7B1DE21A-22C8-4929-A4BB-71D946B30284}.Debug|x64.ActiveCfg = Debug|Any CPU
		{7B1DE21A-22C8-4929-A4BB-71D946B30284}.Debug|x64.Build.0 = Debug|Any CPU
		{7B1DE21A-22C8-4929-A4BB-71D946B30284}.Debug|x86.ActiveCfg = Debug|Any CPU
		{7B1DE21A-22C8-4929-A4BB-71D946B30284}.Debug|x86.Build.0 = Debug|Any CPU
		{7B1DE21A-22C8-4929-A4BB-71D946B30284}.Release|Any CPU.ActiveCfg = Release|Any CPU
		{7B1DE21A-22C8-4929-A4BB-71D946B30284}.Release|Any CPU.Build.0 = Release|Any CPU
		{7B1DE21A-22C8-4929-A4BB-71D946B30284}.Release|x64.ActiveCfg = Release|Any CPU
		{7B1DE21A-22C8-4929-A4BB-71D946B30284}.Release|x64.Build.0 = Release|Any CPU
		{7B1DE21A-22C8-4929-A4BB-71D946B30284}.Release|x86.ActiveCfg = Release|Any CPU
		{7B1DE21A-22C8-4929-A4BB-71D946B30284}.Release|x86.Build.0 = Release|Any CPU
	EndGlobalSection
	GlobalSection(SolutionProperties) = preSolution
		HideSolutionNode = FALSE
	EndGlobalSection
	GlobalSection(NestedProjects) = preSolution
		{9CE359D4-0F1F-4E2B-B2D4-34C98A4D1808} = {7C34628D-F06D-428F-B4C5-67A049B40487}
		{B0C4EAF7-F3D3-4A66-8050-8B50150F1F8F} = {906C6778-EFCB-4CA2-A0EF-23D1996D4529}
		{7B1DE21A-22C8-4929-A4BB-71D946B30284} = {7C34628D-F06D-428F-B4C5-67A049B40487}
	EndGlobalSection
	GlobalSection(ExtensibilityGlobals) = postSolution
		SolutionGuid = {A3DA3895-D0BA-4585-B532-FA24593DE14F}
	EndGlobalSection
EndGlobal
